
Microsoft Visual Studio Solution File, Format Version 12.00
# Visual Studio Version 16
VisualStudioVersion = 16.0.29613.14
MinimumVisualStudioVersion = 10.0.40219.1
Project("{FAE04EC0-301F-11D3-BF4B-00C04F79EFBC}") = "ISAD251-Coursework", "ISAD251-Coursework.csproj", "{E21802ED-2142-4A7A-ABAF-DCFF416CE186}"
EndProject
Global
	GlobalSection(SolutionConfigurationPlatforms) = preSolution
		Debug|Any CPU = Debug|Any CPU
		Release|Any CPU = Release|Any CPU
	EndGlobalSection
	GlobalSection(ProjectConfigurationPlatforms) = postSolution
		{E21802ED-2142-4A7A-ABAF-DCFF416CE186}.Debug|Any CPU.ActiveCfg = Debug|Any CPU
		{E21802ED-2142-4A7A-ABAF-DCFF416CE186}.Debug|Any CPU.Build.0 = Debug|Any CPU
		{E21802ED-2142-4A7A-ABAF-DCFF416CE186}.Release|Any CPU.ActiveCfg = Release|Any CPU
		{E21802ED-2142-4A7A-ABAF-DCFF416CE186}.Release|Any CPU.Build.0 = Release|Any CPU
	EndGlobalSection
	GlobalSection(SolutionProperties) = preSolution
		HideSolutionNode = FALSE
	EndGlobalSection
	GlobalSection(ExtensibilityGlobals) = postSolution
		SolutionGuid = {ED7695DF-695C-407D-88FF-6FD936B980D8}
	EndGlobalSection
EndGlobal
